
Microsoft Visual Studio Solution File, Format Version 12.00
# Visual Studio 14
VisualStudioVersion = 14.0.24720.0
MinimumVisualStudioVersion = 10.0.40219.1
Project("{FAE04EC0-301F-11D3-BF4B-00C04F79EFBC}") = "LepidopteraNames.Droid", "src\LepidopteraNames.Droid\LepidopteraNames.Droid.csproj", "{DCDEF03E-5325-4BE8-9E7A-F988443F85E6}"
EndProject
Project("{FAE04EC0-301F-11D3-BF4B-00C04F79EFBC}") = "LepidopteraNames.iOS", "src\LepidopteraNames.iOS\LepidopteraNames.iOS.csproj", "{DB56719F-5FDA-4066-A640-B3198B0A2CD9}"
EndProject
Project("{FAE04EC0-301F-11D3-BF4B-00C04F79EFBC}") = "LepidopteraNames.WinPhone", "src\LepidopteraNames.WinPhone\LepidopteraNames.WinPhone.csproj", "{F2906B22-7CEA-4A61-9A3D-D1435348AACD}"
EndProject
Project("{FAE04EC0-301F-11D3-BF4B-00C04F79EFBC}") = "LepidopteraNames", "src\LepidopteraNames\LepidopteraNames.csproj", "{B88D7C73-C531-4967-B0FD-DA25D2ABFFD3}"
EndProject
Global
	GlobalSection(SolutionConfigurationPlatforms) = preSolution
		Ad-Hoc|Any CPU = Ad-Hoc|Any CPU
		Ad-Hoc|ARM = Ad-Hoc|ARM
		Ad-Hoc|iPhone = Ad-Hoc|iPhone
		Ad-Hoc|iPhoneSimulator = Ad-Hoc|iPhoneSimulator
		Ad-Hoc|x86 = Ad-Hoc|x86
		AppStore|Any CPU = AppStore|Any CPU
		AppStore|ARM = AppStore|ARM
		AppStore|iPhone = AppStore|iPhone
		AppStore|iPhoneSimulator = AppStore|iPhoneSimulator
		AppStore|x86 = AppStore|x86
		Debug|Any CPU = Debug|Any CPU
		Debug|ARM = Debug|ARM
		Debug|iPhone = Debug|iPhone
		Debug|iPhoneSimulator = Debug|iPhoneSimulator
		Debug|x86 = Debug|x86
		Release|Any CPU = Release|Any CPU
		Release|ARM = Release|ARM
		Release|iPhone = Release|iPhone
		Release|iPhoneSimulator = Release|iPhoneSimulator
		Release|x86 = Release|x86
	EndGlobalSection
	GlobalSection(ProjectConfigurationPlatforms) = postSolution
		{DCDEF03E-5325-4BE8-9E7A-F988443F85E6}.Ad-Hoc|Any CPU.ActiveCfg = Release|Any CPU
		{DCDEF03E-5325-4BE8-9E7A-F988443F85E6}.Ad-Hoc|Any CPU.Build.0 = Release|Any CPU
		{DCDEF03E-5325-4BE8-9E7A-F988443F85E6}.Ad-Hoc|Any CPU.Deploy.0 = Release|Any CPU
		{DCDEF03E-5325-4BE8-9E7A-F988443F85E6}.Ad-Hoc|ARM.ActiveCfg = Release|Any CPU
		{DCDEF03E-5325-4BE8-9E7A-F988443F85E6}.Ad-Hoc|ARM.Build.0 = Release|Any CPU
		{DCDEF03E-5325-4BE8-9E7A-F988443F85E6}.Ad-Hoc|ARM.Deploy.0 = Release|Any CPU
		{DCDEF03E-5325-4BE8-9E7A-F988443F85E6}.Ad-Hoc|iPhone.ActiveCfg = Release|Any CPU
		{DCDEF03E-5325-4BE8-9E7A-F988443F85E6}.Ad-Hoc|iPhone.Build.0 = Release|Any CPU
		{DCDEF03E-5325-4BE8-9E7A-F988443F85E6}.Ad-Hoc|iPhone.Deploy.0 = Release|Any CPU
		{DCDEF03E-5325-4BE8-9E7A-F988443F85E6}.Ad-Hoc|iPhoneSimulator.ActiveCfg = Release|Any CPU
		{DCDEF03E-5325-4BE8-9E7A-F988443F85E6}.Ad-Hoc|iPhoneSimulator.Build.0 = Release|Any CPU
		{DCDEF03E-5325-4BE8-9E7A-F988443F85E6}.Ad-Hoc|iPhoneSimulator.Deploy.0 = Release|Any CPU
		{DCDEF03E-5325-4BE8-9E7A-F988443F85E6}.Ad-Hoc|x86.ActiveCfg = Release|Any CPU
		{DCDEF03E-5325-4BE8-9E7A-F988443F85E6}.Ad-Hoc|x86.Build.0 = Release|Any CPU
		{DCDEF03E-5325-4BE8-9E7A-F988443F85E6}.Ad-Hoc|x86.Deploy.0 = Release|Any CPU
		{DCDEF03E-5325-4BE8-9E7A-F988443F85E6}.AppStore|Any CPU.ActiveCfg = Release|Any CPU
		{DCDEF03E-5325-4BE8-9E7A-F988443F85E6}.AppStore|Any CPU.Build.0 = Release|Any CPU
		{DCDEF03E-5325-4BE8-9E7A-F988443F85E6}.AppStore|Any CPU.Deploy.0 = Release|Any CPU
		{DCDEF03E-5325-4BE8-9E7A-F988443F85E6}.AppStore|ARM.ActiveCfg = Release|Any CPU
		{DCDEF03E-5325-4BE8-9E7A-F988443F85E6}.AppStore|ARM.Build.0 = Release|Any CPU
		{DCDEF03E-5325-4BE8-9E7A-F988443F85E6}.AppStore|ARM.Deploy.0 = Release|Any CPU
		{DCDEF03E-5325-4BE8-9E7A-F988443F85E6}.AppStore|iPhone.ActiveCfg = Release|Any CPU
		{DCDEF03E-5325-4BE8-9E7A-F988443F85E6}.AppStore|iPhone.Build.0 = Release|Any CPU
		{DCDEF03E-5325-4BE8-9E7A-F988443F85E6}.AppStore|iPhone.Deploy.0 = Release|Any CPU
		{DCDEF03E-5325-4BE8-9E7A-F988443F85E6}.AppStore|iPhoneSimulator.ActiveCfg = Release|Any CPU
		{DCDEF03E-5325-4BE8-9E7A-F988443F85E6}.AppStore|iPhoneSimulator.Build.0 = Release|Any CPU
		{DCDEF03E-5325-4BE8-9E7A-F988443F85E6}.AppStore|iPhoneSimulator.Deploy.0 = Release|Any CPU
		{DCDEF03E-5325-4BE8-9E7A-F988443F85E6}.AppStore|x86.ActiveCfg = Release|Any CPU
		{DCDEF03E-5325-4BE8-9E7A-F988443F85E6}.AppStore|x86.Build.0 = Release|Any CPU
		{DCDEF03E-5325-4BE8-9E7A-F988443F85E6}.AppStore|x86.Deploy.0 = Release|Any CPU
		{DCDEF03E-5325-4BE8-9E7A-F988443F85E6}.Debug|Any CPU.ActiveCfg = Debug|Any CPU
		{DCDEF03E-5325-4BE8-9E7A-F988443F85E6}.Debug|Any CPU.Build.0 = Debug|Any CPU
		{DCDEF03E-5325-4BE8-9E7A-F988443F85E6}.Debug|Any CPU.Deploy.0 = Debug|Any CPU
		{DCDEF03E-5325-4BE8-9E7A-F988443F85E6}.Debug|ARM.ActiveCfg = Debug|Any CPU
		{DCDEF03E-5325-4BE8-9E7A-F988443F85E6}.Debug|ARM.Build.0 = Debug|Any CPU
		{DCDEF03E-5325-4BE8-9E7A-F988443F85E6}.Debug|ARM.Deploy.0 = Debug|Any CPU
		{DCDEF03E-5325-4BE8-9E7A-F988443F85E6}.Debug|iPhone.ActiveCfg = Debug|Any CPU
		{DCDEF03E-5325-4BE8-9E7A-F988443F85E6}.Debug|iPhone.Build.0 = Debug|Any CPU
		{DCDEF03E-5325-4BE8-9E7A-F988443F85E6}.Debug|iPhone.Deploy.0 = Debug|Any CPU
		{DCDEF03E-5325-4BE8-9E7A-F988443F85E6}.Debug|iPhoneSimulator.ActiveCfg = Debug|Any CPU
		{DCDEF03E-5325-4BE8-9E7A-F988443F85E6}.Debug|iPhoneSimulator.Build.0 = Debug|Any CPU
		{DCDEF03E-5325-4BE8-9E7A-F988443F85E6}.Debug|iPhoneSimulator.Deploy.0 = Debug|Any CPU
		{DCDEF03E-5325-4BE8-9E7A-F988443F85E6}.Debug|x86.ActiveCfg = Debug|Any CPU
		{DCDEF03E-5325-4BE8-9E7A-F988443F85E6}.Debug|x86.Build.0 = Debug|Any CPU
		{DCDEF03E-5325-4BE8-9E7A-F988443F85E6}.Debug|x86.Deploy.0 = Debug|Any CPU
		{DCDEF03E-5325-4BE8-9E7A-F988443F85E6}.Release|Any CPU.ActiveCfg = Release|Any CPU
		{DCDEF03E-5325-4BE8-9E7A-F988443F85E6}.Release|Any CPU.Build.0 = Release|Any CPU
		{DCDEF03E-5325-4BE8-9E7A-F988443F85E6}.Release|Any CPU.Deploy.0 = Release|Any CPU
		{DCDEF03E-5325-4BE8-9E7A-F988443F85E6}.Release|ARM.ActiveCfg = Release|Any CPU
		{DCDEF03E-5325-4BE8-9E7A-F988443F85E6}.Release|ARM.Build.0 = Release|Any CPU
		{DCDEF03E-5325-4BE8-9E7A-F988443F85E6}.Release|ARM.Deploy.0 = Release|Any CPU
		{DCDEF03E-5325-4BE8-9E7A-F988443F85E6}.Release|iPhone.ActiveCfg = Release|Any CPU
		{DCDEF03E-5325-4BE8-9E7A-F988443F85E6}.Release|iPhone.Build.0 = Release|Any CPU
		{DCDEF03E-5325-4BE8-9E7A-F988443F85E6}.Release|iPhone.Deploy.0 = Release|Any CPU
		{DCDEF03E-5325-4BE8-9E7A-F988443F85E6}.Release|iPhoneSimulator.ActiveCfg = Release|Any CPU
		{DCDEF03E-5325-4BE8-9E7A-F988443F85E6}.Release|iPhoneSimulator.Build.0 = Release|Any CPU
		{DCDEF03E-5325-4BE8-9E7A-F988443F85E6}.Release|iPhoneSimulator.Deploy.0 = Release|Any CPU
		{DCDEF03E-5325-4BE8-9E7A-F988443F85E6}.Release|x86.ActiveCfg = Release|Any CPU
		{DCDEF03E-5325-4BE8-9E7A-F988443F85E6}.Release|x86.Build.0 = Release|Any CPU
		{DCDEF03E-5325-4BE8-9E7A-F988443F85E6}.Release|x86.Deploy.0 = Release|Any CPU
		{DB56719F-5FDA-4066-A640-B3198B0A2CD9}.Ad-Hoc|Any CPU.ActiveCfg = Ad-Hoc|iPhone
		{DB56719F-5FDA-4066-A640-B3198B0A2CD9}.Ad-Hoc|ARM.ActiveCfg = Ad-Hoc|iPhone
		{DB56719F-5FDA-4066-A640-B3198B0A2CD9}.Ad-Hoc|iPhone.ActiveCfg = Ad-Hoc|iPhone
		{DB56719F-5FDA-4066-A640-B3198B0A2CD9}.Ad-Hoc|iPhone.Build.0 = Ad-Hoc|iPhone
		{DB56719F-5FDA-4066-A640-B3198B0A2CD9}.Ad-Hoc|iPhoneSimulator.ActiveCfg = Ad-Hoc|iPhoneSimulator
		{DB56719F-5FDA-4066-A640-B3198B0A2CD9}.Ad-Hoc|iPhoneSimulator.Build.0 = Ad-Hoc|iPhoneSimulator
		{DB56719F-5FDA-4066-A640-B3198B0A2CD9}.Ad-Hoc|x86.ActiveCfg = Ad-Hoc|iPhone
		{DB56719F-5FDA-4066-A640-B3198B0A2CD9}.AppStore|Any CPU.ActiveCfg = AppStore|iPhone
		{DB56719F-5FDA-4066-A640-B3198B0A2CD9}.AppStore|ARM.ActiveCfg = AppStore|iPhone
		{DB56719F-5FDA-4066-A640-B3198B0A2CD9}.AppStore|iPhone.ActiveCfg = AppStore|iPhone
		{DB56719F-5FDA-4066-A640-B3198B0A2CD9}.AppStore|iPhone.Build.0 = AppStore|iPhone
		{DB56719F-5FDA-4066-A640-B3198B0A2CD9}.AppStore|iPhoneSimulator.ActiveCfg = AppStore|iPhoneSimulator
		{DB56719F-5FDA-4066-A640-B3198B0A2CD9}.AppStore|iPhoneSimulator.Build.0 = AppStore|iPhoneSimulator
		{DB56719F-5FDA-4066-A640-B3198B0A2CD9}.AppStore|x86.ActiveCfg = AppStore|iPhone
		{DB56719F-5FDA-4066-A640-B3198B0A2CD9}.Debug|Any CPU.ActiveCfg = Debug|iPhone
		{DB56719F-5FDA-4066-A640-B3198B0A2CD9}.Debug|ARM.ActiveCfg = Debug|iPhone
		{DB56719F-5FDA-4066-A640-B3198B0A2CD9}.Debug|iPhone.ActiveCfg = Debug|iPhone
		{DB56719F-5FDA-4066-A640-B3198B0A2CD9}.Debug|iPhone.Build.0 = Debug|iPhone
		{DB56719F-5FDA-4066-A640-B3198B0A2CD9}.Debug|iPhoneSimulator.ActiveCfg = Debug|iPhoneSimulator
		{DB56719F-5FDA-4066-A640-B3198B0A2CD9}.Debug|iPhoneSimulator.Build.0 = Debug|iPhoneSimulator
		{DB56719F-5FDA-4066-A640-B3198B0A2CD9}.Debug|x86.ActiveCfg = Debug|iPhone
		{DB56719F-5FDA-4066-A640-B3198B0A2CD9}.Release|Any CPU.ActiveCfg = Release|iPhone
		{DB56719F-5FDA-4066-A640-B3198B0A2CD9}.Release|ARM.ActiveCfg = Release|iPhone
		{DB56719F-5FDA-4066-A640-B3198B0A2CD9}.Release|iPhone.ActiveCfg = Release|iPhone
		{DB56719F-5FDA-4066-A640-B3198B0A2CD9}.Release|iPhone.Build.0 = Release|iPhone
		{DB56719F-5FDA-4066-A640-B3198B0A2CD9}.Release|iPhoneSimulator.ActiveCfg = Release|iPhoneSimulator
		{DB56719F-5FDA-4066-A640-B3198B0A2CD9}.Release|iPhoneSimulator.Build.0 = Release|iPhoneSimulator
		{DB56719F-5FDA-4066-A640-B3198B0A2CD9}.Release|x86.ActiveCfg = Release|iPhone
		{F2906B22-7CEA-4A61-9A3D-D1435348AACD}.Ad-Hoc|Any CPU.ActiveCfg = Release|Any CPU
		{F2906B22-7CEA-4A61-9A3D-D1435348AACD}.Ad-Hoc|Any CPU.Build.0 = Release|Any CPU
		{F2906B22-7CEA-4A61-9A3D-D1435348AACD}.Ad-Hoc|Any CPU.Deploy.0 = Release|Any CPU
		{F2906B22-7CEA-4A61-9A3D-D1435348AACD}.Ad-Hoc|ARM.ActiveCfg = Release|ARM
		{F2906B22-7CEA-4A61-9A3D-D1435348AACD}.Ad-Hoc|ARM.Build.0 = Release|ARM
		{F2906B22-7CEA-4A61-9A3D-D1435348AACD}.Ad-Hoc|ARM.Deploy.0 = Release|ARM
		{F2906B22-7CEA-4A61-9A3D-D1435348AACD}.Ad-Hoc|iPhone.ActiveCfg = Release|Any CPU
		{F2906B22-7CEA-4A61-9A3D-D1435348AACD}.Ad-Hoc|iPhone.Build.0 = Release|Any CPU
		{F2906B22-7CEA-4A61-9A3D-D1435348AACD}.Ad-Hoc|iPhone.Deploy.0 = Release|Any CPU
		{F2906B22-7CEA-4A61-9A3D-D1435348AACD}.Ad-Hoc|iPhoneSimulator.ActiveCfg = Release|Any CPU
		{F2906B22-7CEA-4A61-9A3D-D1435348AACD}.Ad-Hoc|iPhoneSimulator.Build.0 = Release|Any CPU
		{F2906B22-7CEA-4A61-9A3D-D1435348AACD}.Ad-Hoc|iPhoneSimulator.Deploy.0 = Release|Any CPU
		{F2906B22-7CEA-4A61-9A3D-D1435348AACD}.Ad-Hoc|x86.ActiveCfg = Release|x86
		{F2906B22-7CEA-4A61-9A3D-D1435348AACD}.Ad-Hoc|x86.Build.0 = Release|x86
		{F2906B22-7CEA-4A61-9A3D-D1435348AACD}.Ad-Hoc|x86.Deploy.0 = Release|x86
		{F2906B22-7CEA-4A61-9A3D-D1435348AACD}.AppStore|Any CPU.ActiveCfg = Release|Any CPU
		{F2906B22-7CEA-4A61-9A3D-D1435348AACD}.AppStore|Any CPU.Build.0 = Release|Any CPU
		{F2906B22-7CEA-4A61-9A3D-D1435348AACD}.AppStore|Any CPU.Deploy.0 = Release|Any CPU
		{F2906B22-7CEA-4A61-9A3D-D1435348AACD}.AppStore|ARM.ActiveCfg = Release|ARM
		{F2906B22-7CEA-4A61-9A3D-D1435348AACD}.AppStore|ARM.Build.0 = Release|ARM
		{F2906B22-7CEA-4A61-9A3D-D1435348AACD}.AppStore|ARM.Deploy.0 = Release|ARM
		{F2906B22-7CEA-4A61-9A3D-D1435348AACD}.AppStore|iPhone.ActiveCfg = Release|Any CPU
		{F2906B22-7CEA-4A61-9A3D-D1435348AACD}.AppStore|iPhone.Build.0 = Release|Any CPU
		{F2906B22-7CEA-4A61-9A3D-D1435348AACD}.AppStore|iPhone.Deploy.0 = Release|Any CPU
		{F2906B22-7CEA-4A61-9A3D-D1435348AACD}.AppStore|iPhoneSimulator.ActiveCfg = Release|Any CPU
		{F2906B22-7CEA-4A61-9A3D-D1435348AACD}.AppStore|iPhoneSimulator.Build.0 = Release|Any CPU
		{F2906B22-7CEA-4A61-9A3D-D1435348AACD}.AppStore|iPhoneSimulator.Deploy.0 = Release|Any CPU
		{F2906B22-7CEA-4A61-9A3D-D1435348AACD}.AppStore|x86.ActiveCfg = Release|x86
		{F2906B22-7CEA-4A61-9A3D-D1435348AACD}.AppStore|x86.Build.0 = Release|x86
		{F2906B22-7CEA-4A61-9A3D-D1435348AACD}.AppStore|x86.Deploy.0 = Release|x86
		{F2906B22-7CEA-4A61-9A3D-D1435348AACD}.Debug|Any CPU.ActiveCfg = Debug|Any CPU
		{F2906B22-7CEA-4A61-9A3D-D1435348AACD}.Debug|Any CPU.Build.0 = Debug|Any CPU
		{F2906B22-7CEA-4A61-9A3D-D1435348AACD}.Debug|Any CPU.Deploy.0 = Debug|Any CPU
		{F2906B22-7CEA-4A61-9A3D-D1435348AACD}.Debug|ARM.ActiveCfg = Debug|ARM
		{F2906B22-7CEA-4A61-9A3D-D1435348AACD}.Debug|ARM.Build.0 = Debug|ARM
		{F2906B22-7CEA-4A61-9A3D-D1435348AACD}.Debug|ARM.Deploy.0 = Debug|ARM
		{F2906B22-7CEA-4A61-9A3D-D1435348AACD}.Debug|iPhone.ActiveCfg = Debug|Any CPU
		{F2906B22-7CEA-4A61-9A3D-D1435348AACD}.Debug|iPhone.Build.0 = Debug|Any CPU
		{F2906B22-7CEA-4A61-9A3D-D1435348AACD}.Debug|iPhone.Deploy.0 = Debug|Any CPU
		{F2906B22-7CEA-4A61-9A3D-D1435348AACD}.Debug|iPhoneSimulator.ActiveCfg = Debug|Any CPU
		{F2906B22-7CEA-4A61-9A3D-D1435348AACD}.Debug|iPhoneSimulator.Build.0 = Debug|Any CPU
		{F2906B22-7CEA-4A61-9A3D-D1435348AACD}.Debug|iPhoneSimulator.Deploy.0 = Debug|Any CPU
		{F2906B22-7CEA-4A61-9A3D-D1435348AACD}.Debug|x86.ActiveCfg = Debug|x86
		{F2906B22-7CEA-4A61-9A3D-D1435348AACD}.Debug|x86.Build.0 = Debug|x86
		{F2906B22-7CEA-4A61-9A3D-D1435348AACD}.Debug|x86.Deploy.0 = Debug|x86
		{F2906B22-7CEA-4A61-9A3D-D1435348AACD}.Release|Any CPU.ActiveCfg = Release|Any CPU
		{F2906B22-7CEA-4A61-9A3D-D1435348AACD}.Release|Any CPU.Build.0 = Release|Any CPU
		{F2906B22-7CEA-4A61-9A3D-D1435348AACD}.Release|Any CPU.Deploy.0 = Release|Any CPU
		{F2906B22-7CEA-4A61-9A3D-D1435348AACD}.Release|ARM.ActiveCfg = Release|ARM
		{F2906B22-7CEA-4A61-9A3D-D1435348AACD}.Release|ARM.Build.0 = Release|ARM
		{F2906B22-7CEA-4A61-9A3D-D1435348AACD}.Release|ARM.Deploy.0 = Release|ARM
		{F2906B22-7CEA-4A61-9A3D-D1435348AACD}.Release|iPhone.ActiveCfg = Release|Any CPU
		{F2906B22-7CEA-4A61-9A3D-D1435348AACD}.Release|iPhone.Build.0 = Release|Any CPU
		{F2906B22-7CEA-4A61-9A3D-D1435348AACD}.Release|iPhone.Deploy.0 = Release|Any CPU
		{F2906B22-7CEA-4A61-9A3D-D1435348AACD}.Release|iPhoneSimulator.ActiveCfg = Release|Any CPU
		{F2906B22-7CEA-4A61-9A3D-D1435348AACD}.Release|iPhoneSimulator.Build.0 = Release|Any CPU
		{F2906B22-7CEA-4A61-9A3D-D1435348AACD}.Release|iPhoneSimulator.Deploy.0 = Release|Any CPU
		{F2906B22-7CEA-4A61-9A3D-D1435348AACD}.Release|x86.ActiveCfg = Release|x86
		{F2906B22-7CEA-4A61-9A3D-D1435348AACD}.Release|x86.Build.0 = Release|x86
		{F2906B22-7CEA-4A61-9A3D-D1435348AACD}.Release|x86.Deploy.0 = Release|x86
		{B88D7C73-C531-4967-B0FD-DA25D2ABFFD3}.Ad-Hoc|Any CPU.ActiveCfg = Release|Any CPU
		{B88D7C73-C531-4967-B0FD-DA25D2ABFFD3}.Ad-Hoc|Any CPU.Build.0 = Release|Any CPU
		{B88D7C73-C531-4967-B0FD-DA25D2ABFFD3}.Ad-Hoc|ARM.ActiveCfg = Release|Any CPU
		{B88D7C73-C531-4967-B0FD-DA25D2ABFFD3}.Ad-Hoc|ARM.Build.0 = Release|Any CPU
		{B88D7C73-C531-4967-B0FD-DA25D2ABFFD3}.Ad-Hoc|iPhone.ActiveCfg = Release|Any CPU
		{B88D7C73-C531-4967-B0FD-DA25D2ABFFD3}.Ad-Hoc|iPhone.Build.0 = Release|Any CPU
		{B88D7C73-C531-4967-B0FD-DA25D2ABFFD3}.Ad-Hoc|iPhoneSimulator.ActiveCfg = Release|Any CPU
		{B88D7C73-C531-4967-B0FD-DA25D2ABFFD3}.Ad-Hoc|iPhoneSimulator.Build.0 = Release|Any CPU
		{B88D7C73-C531-4967-B0FD-DA25D2ABFFD3}.Ad-Hoc|x86.ActiveCfg = Release|Any CPU
		{B88D7C73-C531-4967-B0FD-DA25D2ABFFD3}.Ad-Hoc|x86.Build.0 = Release|Any CPU
		{B88D7C73-C531-4967-B0FD-DA25D2ABFFD3}.AppStore|Any CPU.ActiveCfg = Release|Any CPU
		{B88D7C73-C531-4967-B0FD-DA25D2ABFFD3}.AppStore|Any CPU.Build.0 = Release|Any CPU
		{B88D7C73-C531-4967-B0FD-DA25D2ABFFD3}.AppStore|ARM.ActiveCfg = Release|Any CPU
		{B88D7C73-C531-4967-B0FD-DA25D2ABFFD3}.AppStore|ARM.Build.0 = Release|Any CPU
		{B88D7C73-C531-4967-B0FD-DA25D2ABFFD3}.AppStore|iPhone.ActiveCfg = Release|Any CPU
		{B88D7C73-C531-4967-B0FD-DA25D2ABFFD3}.AppStore|iPhone.Build.0 = Release|Any CPU
		{B88D7C73-C531-4967-B0FD-DA25D2ABFFD3}.AppStore|iPhoneSimulator.ActiveCfg = Release|Any CPU
		{B88D7C73-C531-4967-B0FD-DA25D2ABFFD3}.AppStore|iPhoneSimulator.Build.0 = Release|Any CPU
		{B88D7C73-C531-4967-B0FD-DA25D2ABFFD3}.AppStore|x86.ActiveCfg = Release|Any CPU
		{B88D7C73-C531-4967-B0FD-DA25D2ABFFD3}.AppStore|x86.Build.0 = Release|Any CPU
		{B88D7C73-C531-4967-B0FD-DA25D2ABFFD3}.Debug|Any CPU.ActiveCfg = Debug|Any CPU
		{B88D7C73-C531-4967-B0FD-DA25D2ABFFD3}.Debug|Any CPU.Build.0 = Debug|Any CPU
		{B88D7C73-C531-4967-B0FD-DA25D2ABFFD3}.Debug|ARM.ActiveCfg = Debug|Any CPU
		{B88D7C73-C531-4967-B0FD-DA25D2ABFFD3}.Debug|ARM.Build.0 = Debug|Any CPU
		{B88D7C73-C531-4967-B0FD-DA25D2ABFFD3}.Debug|iPhone.ActiveCfg = Debug|Any CPU
		{B88D7C73-C531-4967-B0FD-DA25D2ABFFD3}.Debug|iPhone.Build.0 = Debug|Any CPU
		{B88D7C73-C531-4967-B0FD-DA25D2ABFFD3}.Debug|iPhoneSimulator.ActiveCfg = Debug|Any CPU
		{B88D7C73-C531-4967-B0FD-DA25D2ABFFD3}.Debug|iPhoneSimulator.Build.0 = Debug|Any CPU
		{B88D7C73-C531-4967-B0FD-DA25D2ABFFD3}.Debug|x86.ActiveCfg = Debug|Any CPU
		{B88D7C73-C531-4967-B0FD-DA25D2ABFFD3}.Debug|x86.Build.0 = Debug|Any CPU
		{B88D7C73-C531-4967-B0FD-DA25D2ABFFD3}.Release|Any CPU.ActiveCfg = Release|Any CPU
		{B88D7C73-C531-4967-B0FD-DA25D2ABFFD3}.Release|Any CPU.Build.0 = Release|Any CPU
		{B88D7C73-C531-4967-B0FD-DA25D2ABFFD3}.Release|ARM.ActiveCfg = Release|Any CPU
		{B88D7C73-C531-4967-B0FD-DA25D2ABFFD3}.Release|ARM.Build.0 = Release|Any CPU
		{B88D7C73-C531-4967-B0FD-DA25D2ABFFD3}.Release|iPhone.ActiveCfg = Release|Any CPU
		{B88D7C73-C531-4967-B0FD-DA25D2ABFFD3}.Release|iPhone.Build.0 = Release|Any CPU
		{B88D7C73-C531-4967-B0FD-DA25D2ABFFD3}.Release|iPhoneSimulator.ActiveCfg = Release|Any CPU
		{B88D7C73-C531-4967-B0FD-DA25D2ABFFD3}.Release|iPhoneSimulator.Build.0 = Release|Any CPU
		{B88D7C73-C531-4967-B0FD-DA25D2ABFFD3}.Release|x86.ActiveCfg = Release|Any CPU
		{B88D7C73-C531-4967-B0FD-DA25D2ABFFD3}.Release|x86.Build.0 = Release|Any CPU
	EndGlobalSection
	GlobalSection(SolutionProperties) = preSolution
		HideSolutionNode = FALSE
	EndGlobalSection
EndGlobal
